
Microsoft Visual Studio Solution File, Format Version 12.00
# Visual Studio 15
VisualStudioVersion = 15.0.27703.2035
MinimumVisualStudioVersion = 10.0.40219.1
Project("{FAE04EC0-301F-11D3-BF4B-00C04F79EFBC}") = "IQBusiness.NameReceiverApp", "IQBusiness.NameReceiverApp\IQBusiness.NameReceiverApp.csproj", "{539C0285-7F00-480A-9A6A-81336C58AA41}"
EndProject
Project("{FAE04EC0-301F-11D3-BF4B-00C04F79EFBC}") = "IQBusiness.NameSenderApp", "IQBusiness.NameSenderApp\IQBusiness.NameSenderApp.csproj", "{95DA0CBC-9246-4772-A72D-D2B19577312C}"
EndProject
Project("{FAE04EC0-301F-11D3-BF4B-00C04F79EFBC}") = "IQBusiness.RabbitMQ.Shared", "IQBusiness.RabbitMQ.Shared\IQBusiness.RabbitMQ.Shared.csproj", "{06656DF3-5F66-43F7-8EAB-799FA9609B96}"
EndProject
Global
	GlobalSection(SolutionConfigurationPlatforms) = preSolution
		Debug|Any CPU = Debug|Any CPU
		Release|Any CPU = Release|Any CPU
	EndGlobalSection
	GlobalSection(ProjectConfigurationPlatforms) = postSolution
		{539C0285-7F00-480A-9A6A-81336C58AA41}.Debug|Any CPU.ActiveCfg = Debug|Any CPU
		{539C0285-7F00-480A-9A6A-81336C58AA41}.Debug|Any CPU.Build.0 = Debug|Any CPU
		{539C0285-7F00-480A-9A6A-81336C58AA41}.Release|Any CPU.ActiveCfg = Release|Any CPU
		{539C0285-7F00-480A-9A6A-81336C58AA41}.Release|Any CPU.Build.0 = Release|Any CPU
		{95DA0CBC-9246-4772-A72D-D2B19577312C}.Debug|Any CPU.ActiveCfg = Debug|Any CPU
		{95DA0CBC-9246-4772-A72D-D2B19577312C}.Debug|Any CPU.Build.0 = Debug|Any CPU
		{95DA0CBC-9246-4772-A72D-D2B19577312C}.Release|Any CPU.ActiveCfg = Release|Any CPU
		{95DA0CBC-9246-4772-A72D-D2B19577312C}.Release|Any CPU.Build.0 = Release|Any CPU
		{06656DF3-5F66-43F7-8EAB-799FA9609B96}.Debug|Any CPU.ActiveCfg = Debug|Any CPU
		{06656DF3-5F66-43F7-8EAB-799FA9609B96}.Debug|Any CPU.Build.0 = Debug|Any CPU
		{06656DF3-5F66-43F7-8EAB-799FA9609B96}.Release|Any CPU.ActiveCfg = Release|Any CPU
		{06656DF3-5F66-43F7-8EAB-799FA9609B96}.Release|Any CPU.Build.0 = Release|Any CPU
	EndGlobalSection
	GlobalSection(SolutionProperties) = preSolution
		HideSolutionNode = FALSE
	EndGlobalSection
	GlobalSection(ExtensibilityGlobals) = postSolution
		SolutionGuid = {8E7CBFAA-BA3E-41B3-B0E6-16A85FC99EDA}
	EndGlobalSection
EndGlobal
